// !$*UTF8*$!
{
	archiveVersion = 1;
	classes = {
	};
	objectVersion = 55;
	objects = {

/* Begin PBXBuildFile section */
		3D27DCD228F5B29500C9A6B0 /* AppDelegate.swift in Sources */ = {isa = PBXBuildFile; fileRef = 3D27DCD128F5B29500C9A6B0 /* AppDelegate.swift */; };
		3D27DCD428F5B29500C9A6B0 /* SceneDelegate.swift in Sources */ = {isa = PBXBuildFile; fileRef = 3D27DCD328F5B29500C9A6B0 /* SceneDelegate.swift */; };
		3D27DCD628F5B29500C9A6B0 /* ViewController.swift in Sources */ = {isa = PBXBuildFile; fileRef = 3D27DCD528F5B29500C9A6B0 /* ViewController.swift */; };
		3D27DCDB28F5B29600C9A6B0 /* Assets.xcassets in Resources */ = {isa = PBXBuildFile; fileRef = 3D27DCDA28F5B29600C9A6B0 /* Assets.xcassets */; };
		3D27DCDE28F5B29600C9A6B0 /* LaunchScreen.storyboard in Resources */ = {isa = PBXBuildFile; fileRef = 3D27DCDC28F5B29600C9A6B0 /* LaunchScreen.storyboard */; };
		3D27DCE928F5B29600C9A6B0 /* projectTests.swift in Sources */ = {isa = PBXBuildFile; fileRef = 3D27DCE828F5B29600C9A6B0 /* projectTests.swift */; };
		3D27DCF328F5B29600C9A6B0 /* projectUITests.swift in Sources */ = {isa = PBXBuildFile; fileRef = 3D27DCF228F5B29600C9A6B0 /* projectUITests.swift */; };
		3D27DCF528F5B29600C9A6B0 /* projectUITestsLaunchTests.swift in Sources */ = {isa = PBXBuildFile; fileRef = 3D27DCF428F5B29600C9A6B0 /* projectUITestsLaunchTests.swift */; };
		3DBEA0CB28F705B300995CE6 /* model.swift in Sources */ = {isa = PBXBuildFile; fileRef = 3DBEA0CA28F705B300995CE6 /* model.swift */; };
/* End PBXBuildFile section */

/* Begin PBXContainerItemProxy section */
		3D27DCE528F5B29600C9A6B0 /* PBXContainerItemProxy */ = {
			isa = PBXContainerItemProxy;
			containerPortal = 3D27DCC628F5B29500C9A6B0 /* Project object */;
			proxyType = 1;
			remoteGlobalIDString = 3D27DCCD28F5B29500C9A6B0;
			remoteInfo = project;
		};
		3D27DCEF28F5B29600C9A6B0 /* PBXContainerItemProxy */ = {
			isa = PBXContainerItemProxy;
			containerPortal = 3D27DCC628F5B29500C9A6B0 /* Project object */;
			proxyType = 1;
			remoteGlobalIDString = 3D27DCCD28F5B29500C9A6B0;
			remoteInfo = project;
		};
/* End PBXContainerItemProxy section */

/* Begin PBXFileReference section */
		3D27DCCE28F5B29500C9A6B0 /* project.app */ = {isa = PBXFileReference; explicitFileType = wrapper.application; includeInIndex = 0; path = project.app; sourceTree = BUILT_PRODUCTS_DIR; };
		3D27DCD128F5B29500C9A6B0 /* AppDelegate.swift */ = {isa = PBXFileReference; lastKnownFileType = sourcecode.swift; path = AppDelegate.swift; sourceTree = "<group>"; };
		3D27DCD328F5B29500C9A6B0 /* SceneDelegate.swift */ = {isa = PBXFileReference; lastKnownFileType = sourcecode.swift; path = SceneDelegate.swift; sourceTree = "<group>"; };
		3D27DCD528F5B29500C9A6B0 /* ViewController.swift */ = {isa = PBXFileReference; lastKnownFileType = sourcecode.swift; path = ViewController.swift; sourceTree = "<group>"; };
		3D27DCDA28F5B29600C9A6B0 /* Assets.xcassets */ = {isa = PBXFileReference; lastKnownFileType = folder.assetcatalog; path = Assets.xcassets; sourceTree = "<group>"; };
		3D27DCDD28F5B29600C9A6B0 /* Base */ = {isa = PBXFileReference; lastKnownFileType = file.storyboard; name = Base; path = Base.lproj/LaunchScreen.storyboard; sourceTree = "<group>"; };
		3D27DCDF28F5B29600C9A6B0 /* Info.plist */ = {isa = PBXFileReference; lastKnownFileType = text.plist.xml; path = Info.plist; sourceTree = "<group>"; };
		3D27DCE428F5B29600C9A6B0 /* projectTests.xctest */ = {isa = PBXFileReference; explicitFileType = wrapper.cfbundle; includeInIndex = 0; path = projectTests.xctest; sourceTree = BUILT_PRODUCTS_DIR; };
		3D27DCE828F5B29600C9A6B0 /* projectTests.swift */ = {isa = PBXFileReference; lastKnownFileType = sourcecode.swift; path = projectTests.swift; sourceTree = "<group>"; };
		3D27DCEE28F5B29600C9A6B0 /* projectUITests.xctest */ = {isa = PBXFileReference; explicitFileType = wrapper.cfbundle; includeInIndex = 0; path = projectUITests.xctest; sourceTree = BUILT_PRODUCTS_DIR; };
		3D27DCF228F5B29600C9A6B0 /* projectUITests.swift */ = {isa = PBXFileReference; lastKnownFileType = sourcecode.swift; path = projectUITests.swift; sourceTree = "<group>"; };
		3D27DCF428F5B29600C9A6B0 /* projectUITestsLaunchTests.swift */ = {isa = PBXFileReference; lastKnownFileType = sourcecode.swift; path = projectUITestsLaunchTests.swift; sourceTree = "<group>"; };
		3DBEA0CA28F705B300995CE6 /* model.swift */ = {isa = PBXFileReference; lastKnownFileType = sourcecode.swift; path = model.swift; sourceTree = "<group>"; };
/* End PBXFileReference section */

/* Begin PBXFrameworksBuildPhase section */
		3D27DCCB28F5B29500C9A6B0 /* Frameworks */ = {
			isa = PBXFrameworksBuildPhase;
			buildActionMask = 2147483647;
			files = (
			);
			runOnlyForDeploymentPostprocessing = 0;
		};
		3D27DCE128F5B29600C9A6B0 /* Frameworks */ = {
			isa = PBXFrameworksBuildPhase;
			buildActionMask = 2147483647;
			files = (
			);
			runOnlyForDeploymentPostprocessing = 0;
		};
		3D27DCEB28F5B29600C9A6B0 /* Frameworks */ = {
			isa = PBXFrameworksBuildPhase;
			buildActionMask = 2147483647;
			files = (
			);
			runOnlyForDeploymentPostprocessing = 0;
		};
/* End PBXFrameworksBuildPhase section */

/* Begin PBXGroup section */
		3D27DCC528F5B29500C9A6B0 = {
			isa = PBXGroup;
			children = (
				3D27DCD028F5B29500C9A6B0 /* project */,
				3D27DCE728F5B29600C9A6B0 /* projectTests */,
				3D27DCF128F5B29600C9A6B0 /* projectUITests */,
				3D27DCCF28F5B29500C9A6B0 /* Products */,
			);
			sourceTree = "<group>";
		};
		3D27DCCF28F5B29500C9A6B0 /* Products */ = {
			isa = PBXGroup;
			children = (
				3D27DCCE28F5B29500C9A6B0 /* project.app */,
				3D27DCE428F5B29600C9A6B0 /* projectTests.xctest */,
				3D27DCEE28F5B29600C9A6B0 /* projectUITests.xctest */,
			);
			name = Products;
			sourceTree = "<group>";
		};
		3D27DCD028F5B29500C9A6B0 /* project */ = {
			isa = PBXGroup;
			children = (
				3DBEA0C928F7055500995CE6 /* Model */,
				3D27DCD128F5B29500C9A6B0 /* AppDelegate.swift */,
				3D27DCD328F5B29500C9A6B0 /* SceneDelegate.swift */,
				3D27DCD528F5B29500C9A6B0 /* ViewController.swift */,
				3D27DCDA28F5B29600C9A6B0 /* Assets.xcassets */,
				3D27DCDC28F5B29600C9A6B0 /* LaunchScreen.storyboard */,
				3D27DCDF28F5B29600C9A6B0 /* Info.plist */,
			);
			path = project;
			sourceTree = "<group>";
		};
		3D27DCE728F5B29600C9A6B0 /* projectTests */ = {
			isa = PBXGroup;
			children = (
				3D27DCE828F5B29600C9A6B0 /* projectTests.swift */,
			);
			path = projectTests;
			sourceTree = "<group>";
		};
		3D27DCF128F5B29600C9A6B0 /* projectUITests */ = {
			isa = PBXGroup;
			children = (
				3D27DCF228F5B29600C9A6B0 /* projectUITests.swift */,
				3D27DCF428F5B29600C9A6B0 /* projectUITestsLaunchTests.swift */,
			);
			path = projectUITests;
			sourceTree = "<group>";
		};
		3DBEA0C928F7055500995CE6 /* Model */ = {
			isa = PBXGroup;
			children = (
				3DBEA0CA28F705B300995CE6 /* model.swift */,
			);
			path = Model;
			sourceTree = "<group>";
		};
/* End PBXGroup section */

/* Begin PBXNativeTarget section */
		3D27DCCD28F5B29500C9A6B0 /* project */ = {
			isa = PBXNativeTarget;
			buildConfigurationList = 3D27DCF828F5B29600C9A6B0 /* Build configuration list for PBXNativeTarget "project" */;
			buildPhases = (
				3D27DCCA28F5B29500C9A6B0 /* Sources */,
				3D27DCCB28F5B29500C9A6B0 /* Frameworks */,
				3D27DCCC28F5B29500C9A6B0 /* Resources */,
			);
			buildRules = (
			);
			dependencies = (
			);
			name = project;
			productName = project;
			productReference = 3D27DCCE28F5B29500C9A6B0 /* project.app */;
			productType = "com.apple.product-type.application";
		};
		3D27DCE328F5B29600C9A6B0 /* projectTests */ = {
			isa = PBXNativeTarget;
			buildConfigurationList = 3D27DCFB28F5B29600C9A6B0 /* Build configuration list for PBXNativeTarget "projectTests" */;
			buildPhases = (
				3D27DCE028F5B29600C9A6B0 /* Sources */,
				3D27DCE128F5B29600C9A6B0 /* Frameworks */,
				3D27DCE228F5B29600C9A6B0 /* Resources */,
			);
			buildRules = (
			);
			dependencies = (
				3D27DCE628F5B29600C9A6B0 /* PBXTargetDependency */,
			);
			name = projectTests;
			productName = projectTests;
			productReference = 3D27DCE428F5B29600C9A6B0 /* projectTests.xctest */;
			productType = "com.apple.product-type.bundle.unit-test";
		};
		3D27DCED28F5B29600C9A6B0 /* projectUITests */ = {
			isa = PBXNativeTarget;
			buildConfigurationList = 3D27DCFE28F5B29600C9A6B0 /* Build configuration list for PBXNativeTarget "projectUITests" */;
			buildPhases = (
				3D27DCEA28F5B29600C9A6B0 /* Sources */,
				3D27DCEB28F5B29600C9A6B0 /* Frameworks */,
				3D27DCEC28F5B29600C9A6B0 /* Resources */,
			);
			buildRules = (
			);
			dependencies = (
				3D27DCF028F5B29600C9A6B0 /* PBXTargetDependency */,
			);
			name = projectUITests;
			productName = projectUITests;
			productReference = 3D27DCEE28F5B29600C9A6B0 /* projectUITests.xctest */;
			productType = "com.apple.product-type.bundle.ui-testing";
		};
/* End PBXNativeTarget section */

/* Begin PBXProject section */
		3D27DCC628F5B29500C9A6B0 /* Project object */ = {
			isa = PBXProject;
			attributes = {
				BuildIndependentTargetsInParallel = 1;
				LastSwiftUpdateCheck = 1340;
				LastUpgradeCheck = 1340;
				TargetAttributes = {
					3D27DCCD28F5B29500C9A6B0 = {
						CreatedOnToolsVersion = 13.4.1;
					};
					3D27DCE328F5B29600C9A6B0 = {
						CreatedOnToolsVersion = 13.4.1;
						TestTargetID = 3D27DCCD28F5B29500C9A6B0;
					};
					3D27DCED28F5B29600C9A6B0 = {
						CreatedOnToolsVersion = 13.4.1;
						TestTargetID = 3D27DCCD28F5B29500C9A6B0;
					};
				};
			};
			buildConfigurationList = 3D27DCC928F5B29500C9A6B0 /* Build configuration list for PBXProject "project" */;
			compatibilityVersion = "Xcode 13.0";
			developmentRegion = en;
			hasScannedForEncodings = 0;
			knownRegions = (
				en,
				Base,
			);
			mainGroup = 3D27DCC528F5B29500C9A6B0;
			productRefGroup = 3D27DCCF28F5B29500C9A6B0 /* Products */;
			projectDirPath = "";
			projectRoot = "";
			targets = (
				3D27DCCD28F5B29500C9A6B0 /* project */,
				3D27DCE328F5B29600C9A6B0 /* projectTests */,
				3D27DCED28F5B29600C9A6B0 /* projectUITests */,
			);
		};
/* End PBXProject section */

/* Begin PBXResourcesBuildPhase section */
		3D27DCCC28F5B29500C9A6B0 /* Resources */ = {
			isa = PBXResourcesBuildPhase;
			buildActionMask = 2147483647;
			files = (
				3D27DCDE28F5B29600C9A6B0 /* LaunchScreen.storyboard in Resources */,
				3D27DCDB28F5B29600C9A6B0 /* Assets.xcassets in Resources */,
			);
			runOnlyForDeploymentPostprocessing = 0;
		};
		3D27DCE228F5B29600C9A6B0 /* Resources */ = {
			isa = PBXResourcesBuildPhase;
			buildActionMask = 2147483647;
			files = (
			);
			runOnlyForDeploymentPostprocessing = 0;
		};
		3D27DCEC28F5B29600C9A6B0 /* Resources */ = {
			isa = PBXResourcesBuildPhase;
			buildActionMask = 2147483647;
			files = (
			);
			runOnlyForDeploymentPostprocessing = 0;
		};
/* End PBXResourcesBuildPhase section */

/* Begin PBXSourcesBuildPhase section */
		3D27DCCA28F5B29500C9A6B0 /* Sources */ = {
			isa = PBXSourcesBuildPhase;
			buildActionMask = 2147483647;
			files = (
				3D27DCD628F5B29500C9A6B0 /* ViewController.swift in Sources */,
				3D27DCD228F5B29500C9A6B0 /* AppDelegate.swift in Sources */,
				3D27DCD428F5B29500C9A6B0 /* SceneDelegate.swift in Sources */,
				3DBEA0CB28F705B300995CE6 /* model.swift in Sources */,
			);
			runOnlyForDeploymentPostprocessing = 0;
		};
		3D27DCE028F5B29600C9A6B0 /* Sources */ = {
			isa = PBXSourcesBuildPhase;
			buildActionMask = 2147483647;
			files = (
				3D27DCE928F5B29600C9A6B0 /* projectTests.swift in Sources */,
			);
			runOnlyForDeploymentPostprocessing = 0;
		};
		3D27DCEA28F5B29600C9A6B0 /* Sources */ = {
			isa = PBXSourcesBuildPhase;
			buildActionMask = 2147483647;
			files = (
				3D27DCF528F5B29600C9A6B0 /* projectUITestsLaunchTests.swift in Sources */,
				3D27DCF328F5B29600C9A6B0 /* projectUITests.swift in Sources */,
			);
			runOnlyForDeploymentPostprocessing = 0;
		};
/* End PBXSourcesBuildPhase section */

/* Begin PBXTargetDependency section */
		3D27DCE628F5B29600C9A6B0 /* PBXTargetDependency */ = {
			isa = PBXTargetDependency;
			target = 3D27DCCD28F5B29500C9A6B0 /* project */;
			targetProxy = 3D27DCE528F5B29600C9A6B0 /* PBXContainerItemProxy */;
		};
		3D27DCF028F5B29600C9A6B0 /* PBXTargetDependency */ = {
			isa = PBXTargetDependency;
			target = 3D27DCCD28F5B29500C9A6B0 /* project */;
			targetProxy = 3D27DCEF28F5B29600C9A6B0 /* PBXContainerItemProxy */;
		};
/* End PBXTargetDependency section */

/* Begin PBXVariantGroup section */
		3D27DCDC28F5B29600C9A6B0 /* LaunchScreen.storyboard */ = {
			isa = PBXVariantGroup;
			children = (
				3D27DCDD28F5B29600C9A6B0 /* Base */,
			);
			name = LaunchScreen.storyboard;
			sourceTree = "<group>";
		};
/* End PBXVariantGroup section */

/* Begin XCBuildConfiguration section */
		3D27DCF628F5B29600C9A6B0 /* Debug */ = {
			isa = XCBuildConfiguration;
			buildSettings = {
				ALWAYS_SEARCH_USER_PATHS = NO;
				CLANG_ANALYZER_NONNULL = YES;
				CLANG_ANALYZER_NUMBER_OBJECT_CONVERSION = YES_AGGRESSIVE;
				CLANG_CXX_LANGUAGE_STANDARD = "gnu++17";
				CLANG_ENABLE_MODULES = YES;
				CLANG_ENABLE_OBJC_ARC = YES;
				CLANG_ENABLE_OBJC_WEAK = YES;
				CLANG_WARN_BLOCK_CAPTURE_AUTORELEASING = YES;
				CLANG_WARN_BOOL_CONVERSION = YES;
				CLANG_WARN_COMMA = YES;
				CLANG_WARN_CONSTANT_CONVERSION = YES;
				CLANG_WARN_DEPRECATED_OBJC_IMPLEMENTATIONS = YES;
				CLANG_WARN_DIRECT_OBJC_ISA_USAGE = YES_ERROR;
				CLANG_WARN_DOCUMENTATION_COMMENTS = YES;
				CLANG_WARN_EMPTY_BODY = YES;
				CLANG_WARN_ENUM_CONVERSION = YES;
				CLANG_WARN_INFINITE_RECURSION = YES;
				CLANG_WARN_INT_CONVERSION = YES;
				CLANG_WARN_NON_LITERAL_NULL_CONVERSION = YES;
				CLANG_WARN_OBJC_IMPLICIT_RETAIN_SELF = YES;
				CLANG_WARN_OBJC_LITERAL_CONVERSION = YES;
				CLANG_WARN_OBJC_ROOT_CLASS = YES_ERROR;
				CLANG_WARN_QUOTED_INCLUDE_IN_FRAMEWORK_HEADER = YES;
				CLANG_WARN_RANGE_LOOP_ANALYSIS = YES;
				CLANG_WARN_STRICT_PROTOTYPES = YES;
				CLANG_WARN_SUSPICIOUS_MOVE = YES;
				CLANG_WARN_UNGUARDED_AVAILABILITY = YES_AGGRESSIVE;
				CLANG_WARN_UNREACHABLE_CODE = YES;
				CLANG_WARN__DUPLICATE_METHOD_MATCH = YES;
				COPY_PHASE_STRIP = NO;
				DEBUG_INFORMATION_FORMAT = dwarf;
				ENABLE_STRICT_OBJC_MSGSEND = YES;
				ENABLE_TESTABILITY = YES;
				GCC_C_LANGUAGE_STANDARD = gnu11;
				GCC_DYNAMIC_NO_PIC = NO;
				GCC_NO_COMMON_BLOCKS = YES;
				GCC_OPTIMIZATION_LEVEL = 0;
				GCC_PREPROCESSOR_DEFINITIONS = (
					"DEBUG=1",
					"$(inherited)",
				);
				GCC_WARN_64_TO_32_BIT_CONVERSION = YES;
				GCC_WARN_ABOUT_RETURN_TYPE = YES_ERROR;
				GCC_WARN_UNDECLARED_SELECTOR = YES;
				GCC_WARN_UNINITIALIZED_AUTOS = YES_AGGRESSIVE;
				GCC_WARN_UNUSED_FUNCTION = YES;
				GCC_WARN_UNUSED_VARIABLE = YES;
				IPHONEOS_DEPLOYMENT_TARGET = 15.5;
				MTL_ENABLE_DEBUG_INFO = INCLUDE_SOURCE;
				MTL_FAST_MATH = YES;
				ONLY_ACTIVE_ARCH = YES;
				SDKROOT = iphoneos;
				SWIFT_ACTIVE_COMPILATION_CONDITIONS = DEBUG;
				SWIFT_OPTIMIZATION_LEVEL = "-Onone";
			};
			name = Debug;
		};
		3D27DCF728F5B29600C9A6B0 /* Release */ = {
			isa = XCBuildConfiguration;
			buildSettings = {
				ALWAYS_SEARCH_USER_PATHS = NO;
				CLANG_ANALYZER_NONNULL = YES;
				CLANG_ANALYZER_NUMBER_OBJECT_CONVERSION = YES_AGGRESSIVE;
				CLANG_CXX_LANGUAGE_STANDARD = "gnu++17";
				CLANG_ENABLE_MODULES = YES;
				CLANG_ENABLE_OBJC_ARC = YES;
				CLANG_ENABLE_OBJC_WEAK = YES;
				CLANG_WARN_BLOCK_CAPTURE_AUTORELEASING = YES;
				CLANG_WARN_BOOL_CONVERSION = YES;
				CLANG_WARN_COMMA = YES;
				CLANG_WARN_CONSTANT_CONVERSION = YES;
				CLANG_WARN_DEPRECATED_OBJC_IMPLEMENTATIONS = YES;
				CLANG_WARN_DIRECT_OBJC_ISA_USAGE = YES_ERROR;
				CLANG_WARN_DOCUMENTATION_COMMENTS = YES;
				CLANG_WARN_EMPTY_BODY = YES;
				CLANG_WARN_ENUM_CONVERSION = YES;
				CLANG_WARN_INFINITE_RECURSION = YES;
				CLANG_WARN_INT_CONVERSION = YES;
				CLANG_WARN_NON_LITERAL_NULL_CONVERSION = YES;
				CLANG_WARN_OBJC_IMPLICIT_RETAIN_SELF = YES;
				CLANG_WARN_OBJC_LITERAL_CONVERSION = YES;
				CLANG_WARN_OBJC_ROOT_CLASS = YES_ERROR;
				CLANG_WARN_QUOTED_INCLUDE_IN_FRAMEWORK_HEADER = YES;
				CLANG_WARN_RANGE_LOOP_ANALYSIS = YES;
				CLANG_WARN_STRICT_PROTOTYPES = YES;
				CLANG_WARN_SUSPICIOUS_MOVE = YES;
				CLANG_WARN_UNGUARDED_AVAILABILITY = YES_AGGRESSIVE;
				CLANG_WARN_UNREACHABLE_CODE = YES;
				CLANG_WARN__DUPLICATE_METHOD_MATCH = YES;
				COPY_PHASE_STRIP = NO;
				DEBUG_INFORMATION_FORMAT = "dwarf-with-dsym";
				ENABLE_NS_ASSERTIONS = NO;
				ENABLE_STRICT_OBJC_MSGSEND = YES;
				GCC_C_LANGUAGE_STANDARD = gnu11;
				GCC_NO_COMMON_BLOCKS = YES;
				GCC_WARN_64_TO_32_BIT_CONVERSION = YES;
				GCC_WARN_ABOUT_RETURN_TYPE = YES_ERROR;
				GCC_WARN_UNDECLARED_SELECTOR = YES;
				GCC_WARN_UNINITIALIZED_AUTOS = YES_AGGRESSIVE;
				GCC_WARN_UNUSED_FUNCTION = YES;
				GCC_WARN_UNUSED_VARIABLE = YES;
				IPHONEOS_DEPLOYMENT_TARGET = 15.5;
				MTL_ENABLE_DEBUG_INFO = NO;
				MTL_FAST_MATH = YES;
				SDKROOT = iphoneos;
				SWIFT_COMPILATION_MODE = wholemodule;
				SWIFT_OPTIMIZATION_LEVEL = "-O";
				VALIDATE_PRODUCT = YES;
			};
			name = Release;
		};
		3D27DCF928F5B29600C9A6B0 /* Debug */ = {
			isa = XCBuildConfiguration;
			buildSettings = {
				ASSETCATALOG_COMPILER_APPICON_NAME = AppIcon;
				ASSETCATALOG_COMPILER_GLOBAL_ACCENT_COLOR_NAME = AccentColor;
				CODE_SIGN_STYLE = Automatic;
				CURRENT_PROJECT_VERSION = 1;
				DEVELOPMENT_TEAM = 6WZYJKR3V9;
				GENERATE_INFOPLIST_FILE = YES;
				INFOPLIST_FILE = project/Info.plist;
				INFOPLIST_KEY_CFBundleDisplayName = project;
				INFOPLIST_KEY_UIApplicationSupportsIndirectInputEvents = YES;
				INFOPLIST_KEY_UILaunchStoryboardName = LaunchScreen;
				INFOPLIST_KEY_UISupportedInterfaceOrientations_iPad = "UIInterfaceOrientationPortrait UIInterfaceOrientationPortraitUpsideDown UIInterfaceOrientationLandscapeLeft UIInterfaceOrientationLandscapeRight";
				INFOPLIST_KEY_UISupportedInterfaceOrientations_iPhone = "UIInterfaceOrientationPortrait UIInterfaceOrientationLandscapeLeft UIInterfaceOrientationLandscapeRight";
				LD_RUNPATH_SEARCH_PATHS = (
					"$(inherited)",
					"@executable_path/Frameworks",
				);
				MARKETING_VERSION = 1.0;
				PRODUCT_BUNDLE_IDENTIFIER = com.kxcoding.project;
				PRODUCT_NAME = "$(TARGET_NAME)";
				SWIFT_EMIT_LOC_STRINGS = YES;
				SWIFT_VERSION = 5.0;
				TARGETED_DEVICE_FAMILY = "1,2";
			};
			name = Debug;
		};
		3D27DCFA28F5B29600C9A6B0 /* Release */ = {
			isa = XCBuildConfiguration;
			buildSettings = {
				ASSETCATALOG_COMPILER_APPICON_NAME = AppIcon;
				ASSETCATALOG_COMPILER_GLOBAL_ACCENT_COLOR_NAME = AccentColor;
				CODE_SIGN_STYLE = Automatic;
				CURRENT_PROJECT_VERSION = 1;
				DEVELOPMENT_TEAM = 6WZYJKR3V9;
				GENERATE_INFOPLIST_FILE = YES;
				INFOPLIST_FILE = project/Info.plist;
				INFOPLIST_KEY_CFBundleDisplayName = project;
				INFOPLIST_KEY_UIApplicationSupportsIndirectInputEvents = YES;
				INFOPLIST_KEY_UILaunchStoryboardName = LaunchScreen;
				INFOPLIST_KEY_UISupportedInterfaceOrientations_iPad = "UIInterfaceOrientationPortrait UIInterfaceOrientationPortraitUpsideDown UIInterfaceOrientationLandscapeLeft UIInterfaceOrientationLandscapeRight";
				INFOPLIST_KEY_UISupportedInterfaceOrientations_iPhone = "UIInterfaceOrientationPortrait UIInterfaceOrientationLandscapeLeft UIInterfaceOrientationLandscapeRight";
				LD_RUNPATH_SEARCH_PATHS = (
					"$(inherited)",
					"@executable_path/Frameworks",
				);
				MARKETING_VERSION = 1.0;
				PRODUCT_BUNDLE_IDENTIFIER = com.kxcoding.project;
				PRODUCT_NAME = "$(TARGET_NAME)";
				SWIFT_EMIT_LOC_STRINGS = YES;
				SWIFT_VERSION = 5.0;
				TARGETED_DEVICE_FAMILY = "1,2";
			};
			name = Release;
		};
		3D27DCFC28F5B29600C9A6B0 /* Debug */ = {
			isa = XCBuildConfiguration;
			buildSettings = {
				ALWAYS_EMBED_SWIFT_STANDARD_LIBRARIES = YES;
				BUNDLE_LOADER = "$(TEST_HOST)";
				CODE_SIGN_STYLE = Automatic;
				CURRENT_PROJECT_VERSION = 1;
				DEVELOPMENT_TEAM = 6WZYJKR3V9;
				GENERATE_INFOPLIST_FILE = YES;
				IPHONEOS_DEPLOYMENT_TARGET = 15.5;
				MARKETING_VERSION = 1.0;
				PRODUCT_BUNDLE_IDENTIFIER = com.kxcoding.projectTests;
				PRODUCT_NAME = "$(TARGET_NAME)";
				SWIFT_EMIT_LOC_STRINGS = NO;
				SWIFT_VERSION = 5.0;
				TARGETED_DEVICE_FAMILY = "1,2";
				TEST_HOST = "$(BUILT_PRODUCTS_DIR)/project.app/project";
			};
			name = Debug;
		};
		3D27DCFD28F5B29600C9A6B0 /* Release */ = {
			isa = XCBuildConfiguration;
			buildSettings = {
				ALWAYS_EMBED_SWIFT_STANDARD_LIBRARIES = YES;
				BUNDLE_LOADER = "$(TEST_HOST)";
				CODE_SIGN_STYLE = Automatic;
				CURRENT_PROJECT_VERSION = 1;
				DEVELOPMENT_TEAM = 6WZYJKR3V9;
				GENERATE_INFOPLIST_FILE = YES;
				IPHONEOS_DEPLOYMENT_TARGET = 15.5;
				MARKETING_VERSION = 1.0;
				PRODUCT_BUNDLE_IDENTIFIER = com.kxcoding.projectTests;
				PRODUCT_NAME = "$(TARGET_NAME)";
				SWIFT_EMIT_LOC_STRINGS = NO;
				SWIFT_VERSION = 5.0;
				TARGETED_DEVICE_FAMILY = "1,2";
				TEST_HOST = "$(BUILT_PRODUCTS_DIR)/project.app/project";
			};
			name = Release;
		};
		3D27DCFF28F5B29600C9A6B0 /* Debug */ = {
			isa = XCBuildConfiguration;
			buildSettings = {
				ALWAYS_EMBED_SWIFT_STANDARD_LIBRARIES = YES;
				CODE_SIGN_STYLE = Automatic;
				CURRENT_PROJECT_VERSION = 1;
				DEVELOPMENT_TEAM = 6WZYJKR3V9;
				GENERATE_INFOPLIST_FILE = YES;
				MARKETING_VERSION = 1.0;
				PRODUCT_BUNDLE_IDENTIFIER = com.kxcoding.projectUITests;
				PRODUCT_NAME = "$(TARGET_NAME)";
				SWIFT_EMIT_LOC_STRINGS = NO;
				SWIFT_VERSION = 5.0;
				TARGETED_DEVICE_FAMILY = "1,2";
				TEST_TARGET_NAME = project;
			};
			name = Debug;
		};
		3D27DD0028F5B29600C9A6B0 /* Release */ = {
			isa = XCBuildConfiguration;
			buildSettings = {
				ALWAYS_EMBED_SWIFT_STANDARD_LIBRARIES = YES;
				CODE_SIGN_STYLE = Automatic;
				CURRENT_PROJECT_VERSION = 1;
				DEVELOPMENT_TEAM = 6WZYJKR3V9;
				GENERATE_INFOPLIST_FILE = YES;
				MARKETING_VERSION = 1.0;
				PRODUCT_BUNDLE_IDENTIFIER = com.kxcoding.projectUITests;
				PRODUCT_NAME = "$(TARGET_NAME)";
				SWIFT_EMIT_LOC_STRINGS = NO;
				SWIFT_VERSION = 5.0;
				TARGETED_DEVICE_FAMILY = "1,2";
				TEST_TARGET_NAME = project;
			};
			name = Release;
		};
/* End XCBuildConfiguration section */

/* Begin XCConfigurationList section */
		3D27DCC928F5B29500C9A6B0 /* Build configuration list for PBXProject "project" */ = {
			isa = XCConfigurationList;
			buildConfigurations = (
				3D27DCF628F5B29600C9A6B0 /* Debug */,
				3D27DCF728F5B29600C9A6B0 /* Release */,
			);
			defaultConfigurationIsVisible = 0;
			defaultConfigurationName = Release;
		};
		3D27DCF828F5B29600C9A6B0 /* Build configuration list for PBXNativeTarget "project" */ = {
			isa = XCConfigurationList;
			buildConfigurations = (
				3D27DCF928F5B29600C9A6B0 /* Debug */,
				3D27DCFA28F5B29600C9A6B0 /* Release */,
			);
			defaultConfigurationIsVisible = 0;
			defaultConfigurationName = Release;
		};
		3D27DCFB28F5B29600C9A6B0 /* Build configuration list for PBXNativeTarget "projectTests" */ = {
			isa = XCConfigurationList;
			buildConfigurations = (
				3D27DCFC28F5B29600C9A6B0 /* Debug */,
				3D27DCFD28F5B29600C9A6B0 /* Release */,
			);
			defaultConfigurationIsVisible = 0;
			defaultConfigurationName = Release;
		};
		3D27DCFE28F5B29600C9A6B0 /* Build configuration list for PBXNativeTarget "projectUITests" */ = {
			isa = XCConfigurationList;
			buildConfigurations = (
				3D27DCFF28F5B29600C9A6B0 /* Debug */,
				3D27DD0028F5B29600C9A6B0 /* Release */,
			);
			defaultConfigurationIsVisible = 0;
			defaultConfigurationName = Release;
		};
/* End XCConfigurationList section */
	};
	rootObject = 3D27DCC628F5B29500C9A6B0 /* Project object */;
}
